
Microsoft Visual Studio Solution File, Format Version 12.00
# Visual Studio Version 17
VisualStudioVersion = 17.4.33213.308
MinimumVisualStudioVersion = 10.0.40219.1
Project("{FAE04EC0-301F-11D3-BF4B-00C04F79EFBC}") = "DAPLinkDotNet", "DAPLinkDotNet\DAPLinkDotNet.csproj", "{F8B9B053-22B5-4C9E-9854-0B38BB2DCD56}"
EndProject
Project("{FAE04EC0-301F-11D3-BF4B-00C04F79EFBC}") = "DAPTest", "DAPTest\DAPTest.csproj", "{EB002EC8-8FEB-4774-940B-BA06B862CA34}"
EndProject
Global
	GlobalSection(SolutionConfigurationPlatforms) = preSolution
		Debug|Any CPU = Debug|Any CPU
		Release|Any CPU = Release|Any CPU
	EndGlobalSection
	GlobalSection(ProjectConfigurationPlatforms) = postSolution
		{F8B9B053-22B5-4C9E-9854-0B38BB2DCD56}.Debug|Any CPU.ActiveCfg = Debug|Any CPU
		{F8B9B053-22B5-4C9E-9854-0B38BB2DCD56}.Debug|Any CPU.Build.0 = Debug|Any CPU
		{F8B9B053-22B5-4C9E-9854-0B38BB2DCD56}.Release|Any CPU.ActiveCfg = Release|Any CPU
		{F8B9B053-22B5-4C9E-9854-0B38BB2DCD56}.Release|Any CPU.Build.0 = Release|Any CPU
		{EB002EC8-8FEB-4774-940B-BA06B862CA34}.Debug|Any CPU.ActiveCfg = Debug|Any CPU
		{EB002EC8-8FEB-4774-940B-BA06B862CA34}.Debug|Any CPU.Build.0 = Debug|Any CPU
		{EB002EC8-8FEB-4774-940B-BA06B862CA34}.Release|Any CPU.ActiveCfg = Release|Any CPU
		{EB002EC8-8FEB-4774-940B-BA06B862CA34}.Release|Any CPU.Build.0 = Release|Any CPU
	EndGlobalSection
	GlobalSection(SolutionProperties) = preSolution
		HideSolutionNode = FALSE
	EndGlobalSection
	GlobalSection(ExtensibilityGlobals) = postSolution
		SolutionGuid = {1EDE9013-AD98-44EB-B6DA-8DC27F703BA6}
	EndGlobalSection
EndGlobal
